
Microsoft Visual Studio Solution File, Format Version 12.00
# Visual Studio Version 17
VisualStudioVersion = 17.9.34902.65
MinimumVisualStudioVersion = 10.0.40219.1
Project("{FAE04EC0-301F-11D3-BF4B-00C04F79EFBC}") = "HuzurEviProjesi1", "HuzurEviProjesi1.csproj", "{A784EAE3-30C3-4218-92E6-0AEBC304ABAC}"
EndProject
Project("{FAE04EC0-301F-11D3-BF4B-00C04F79EFBC}") = "EntityLayer", "..\EntityLayer\EntityLayer.csproj", "{E8E05F99-DCF8-4FEF-B88A-4E44D7427EA0}"
EndProject
Project("{FAE04EC0-301F-11D3-BF4B-00C04F79EFBC}") = "DataAccessLayer", "..\DataAccessLayer\DataAccessLayer.csproj", "{7EDC1583-CDDA-4379-8F1A-BBCDD89D7CFF}"
EndProject
Project("{FAE04EC0-301F-11D3-BF4B-00C04F79EFBC}") = "LogicLayer", "..\LogicLayer\LogicLayer.csproj", "{6BD32B67-0B1B-417A-86A6-D80C6AA51D73}"
EndProject
Global
	GlobalSection(SolutionConfigurationPlatforms) = preSolution
		Debug|Any CPU = Debug|Any CPU
		Release|Any CPU = Release|Any CPU
	EndGlobalSection
	GlobalSection(ProjectConfigurationPlatforms) = postSolution
		{A784EAE3-30C3-4218-92E6-0AEBC304ABAC}.Debug|Any CPU.ActiveCfg = Debug|Any CPU
		{A784EAE3-30C3-4218-92E6-0AEBC304ABAC}.Debug|Any CPU.Build.0 = Debug|Any CPU
		{A784EAE3-30C3-4218-92E6-0AEBC304ABAC}.Release|Any CPU.ActiveCfg = Release|Any CPU
		{A784EAE3-30C3-4218-92E6-0AEBC304ABAC}.Release|Any CPU.Build.0 = Release|Any CPU
		{E8E05F99-DCF8-4FEF-B88A-4E44D7427EA0}.Debug|Any CPU.ActiveCfg = Debug|Any CPU
		{E8E05F99-DCF8-4FEF-B88A-4E44D7427EA0}.Debug|Any CPU.Build.0 = Debug|Any CPU
		{E8E05F99-DCF8-4FEF-B88A-4E44D7427EA0}.Release|Any CPU.ActiveCfg = Release|Any CPU
		{E8E05F99-DCF8-4FEF-B88A-4E44D7427EA0}.Release|Any CPU.Build.0 = Release|Any CPU
		{7EDC1583-CDDA-4379-8F1A-BBCDD89D7CFF}.Debug|Any CPU.ActiveCfg = Debug|Any CPU
		{7EDC1583-CDDA-4379-8F1A-BBCDD89D7CFF}.Debug|Any CPU.Build.0 = Debug|Any CPU
		{7EDC1583-CDDA-4379-8F1A-BBCDD89D7CFF}.Release|Any CPU.ActiveCfg = Release|Any CPU
		{7EDC1583-CDDA-4379-8F1A-BBCDD89D7CFF}.Release|Any CPU.Build.0 = Release|Any CPU
		{6BD32B67-0B1B-417A-86A6-D80C6AA51D73}.Debug|Any CPU.ActiveCfg = Debug|Any CPU
		{6BD32B67-0B1B-417A-86A6-D80C6AA51D73}.Debug|Any CPU.Build.0 = Debug|Any CPU
		{6BD32B67-0B1B-417A-86A6-D80C6AA51D73}.Release|Any CPU.ActiveCfg = Release|Any CPU
		{6BD32B67-0B1B-417A-86A6-D80C6AA51D73}.Release|Any CPU.Build.0 = Release|Any CPU
	EndGlobalSection
	GlobalSection(SolutionProperties) = preSolution
		HideSolutionNode = FALSE
	EndGlobalSection
	GlobalSection(ExtensibilityGlobals) = postSolution
		SolutionGuid = {9B260ACA-81A8-4AEF-AEE3-0594B4E8F4BB}
	EndGlobalSection
EndGlobal
